
Microsoft Visual Studio Solution File, Format Version 12.00
# Visual Studio Version 17
VisualStudioVersion = 17.0.31903.59
MinimumVisualStudioVersion = 10.0.40219.1
Project("{2150E333-8FDC-42A3-9474-1A3956D46DE8}") = "backend", "backend", "{1AE8ACA6-933B-BF2A-3671-3E2EAC007D16}"
EndProject
Project("{FAE04EC0-301F-11D3-BF4B-00C04F79EFBC}") = "API", "backend\API\API.csproj", "{98D64881-655F-4BEF-B308-BDCFBD10F0EE}"
EndProject
Project("{FAE04EC0-301F-11D3-BF4B-00C04F79EFBC}") = "API.Integration.Tests", "backend\API.Integration.Tests\API.Integration.Tests.csproj", "{A1DED39B-C0BE-40A5-9CAE-D6811449ED26}"
EndProject
Project("{FAE04EC0-301F-11D3-BF4B-00C04F79EFBC}") = "API.Tests", "backend\API.Tests\API.Tests.csproj", "{3EE76062-7402-459D-9219-11CFDD9E0E8D}"
EndProject
Project("{FAE04EC0-301F-11D3-BF4B-00C04F79EFBC}") = "ServiceDefaults", "backend\ServiceDefaults\ServiceDefaults.csproj", "{2E56F6FE-F848-48D8-9591-6BD85D253506}"
EndProject
Project("{2150E333-8FDC-42A3-9474-1A3956D46DE8}") = "e2e", "e2e", "{36695022-115B-4ABA-B650-0F2673D85EB6}"
EndProject
Project("{FAE04EC0-301F-11D3-BF4B-00C04F79EFBC}") = "EndToEnd.Tests", "e2e\EndToEnd.Tests\EndToEnd.Tests.csproj", "{A2C79070-3BD8-4D27-B465-0EB49C59A959}"
EndProject
Project("{2150E333-8FDC-42A3-9474-1A3956D46DE8}") = "tools", "tools", "{07C2787E-EAC7-C090-1BA3-A61EC2A24D84}"
EndProject
Project("{FAE04EC0-301F-11D3-BF4B-00C04F79EFBC}") = "AppHost", "tools\AppHost\AppHost.csproj", "{785F6E1D-4BAC-473F-A94D-159D437D83C2}"
EndProject
Global
	GlobalSection(SolutionConfigurationPlatforms) = preSolution
		Debug|Any CPU = Debug|Any CPU
		Debug|x64 = Debug|x64
		Debug|x86 = Debug|x86
		Release|Any CPU = Release|Any CPU
		Release|x64 = Release|x64
		Release|x86 = Release|x86
	EndGlobalSection
	GlobalSection(ProjectConfigurationPlatforms) = postSolution
		{98D64881-655F-4BEF-B308-BDCFBD10F0EE}.Debug|Any CPU.ActiveCfg = Debug|Any CPU
		{98D64881-655F-4BEF-B308-BDCFBD10F0EE}.Debug|Any CPU.Build.0 = Debug|Any CPU
		{98D64881-655F-4BEF-B308-BDCFBD10F0EE}.Debug|x64.ActiveCfg = Debug|Any CPU
		{98D64881-655F-4BEF-B308-BDCFBD10F0EE}.Debug|x64.Build.0 = Debug|Any CPU
		{98D64881-655F-4BEF-B308-BDCFBD10F0EE}.Debug|x86.ActiveCfg = Debug|Any CPU
		{98D64881-655F-4BEF-B308-BDCFBD10F0EE}.Debug|x86.Build.0 = Debug|Any CPU
		{98D64881-655F-4BEF-B308-BDCFBD10F0EE}.Release|Any CPU.ActiveCfg = Release|Any CPU
		{98D64881-655F-4BEF-B308-BDCFBD10F0EE}.Release|Any CPU.Build.0 = Release|Any CPU
		{98D64881-655F-4BEF-B308-BDCFBD10F0EE}.Release|x64.ActiveCfg = Release|Any CPU
		{98D64881-655F-4BEF-B308-BDCFBD10F0EE}.Release|x64.Build.0 = Release|Any CPU
		{98D64881-655F-4BEF-B308-BDCFBD10F0EE}.Release|x86.ActiveCfg = Release|Any CPU
		{98D64881-655F-4BEF-B308-BDCFBD10F0EE}.Release|x86.Build.0 = Release|Any CPU
		{A1DED39B-C0BE-40A5-9CAE-D6811449ED26}.Debug|Any CPU.ActiveCfg = Debug|Any CPU
		{A1DED39B-C0BE-40A5-9CAE-D6811449ED26}.Debug|Any CPU.Build.0 = Debug|Any CPU
		{A1DED39B-C0BE-40A5-9CAE-D6811449ED26}.Debug|x64.ActiveCfg = Debug|Any CPU
		{A1DED39B-C0BE-40A5-9CAE-D6811449ED26}.Debug|x64.Build.0 = Debug|Any CPU
		{A1DED39B-C0BE-40A5-9CAE-D6811449ED26}.Debug|x86.ActiveCfg = Debug|Any CPU
		{A1DED39B-C0BE-40A5-9CAE-D6811449ED26}.Debug|x86.Build.0 = Debug|Any CPU
		{A1DED39B-C0BE-40A5-9CAE-D6811449ED26}.Release|Any CPU.ActiveCfg = Release|Any CPU
		{A1DED39B-C0BE-40A5-9CAE-D6811449ED26}.Release|Any CPU.Build.0 = Release|Any CPU
		{A1DED39B-C0BE-40A5-9CAE-D6811449ED26}.Release|x64.ActiveCfg = Release|Any CPU
		{A1DED39B-C0BE-40A5-9CAE-D6811449ED26}.Release|x64.Build.0 = Release|Any CPU
		{A1DED39B-C0BE-40A5-9CAE-D6811449ED26}.Release|x86.ActiveCfg = Release|Any CPU
		{A1DED39B-C0BE-40A5-9CAE-D6811449ED26}.Release|x86.Build.0 = Release|Any CPU
		{3EE76062-7402-459D-9219-11CFDD9E0E8D}.Debug|Any CPU.ActiveCfg = Debug|Any CPU
		{3EE76062-7402-459D-9219-11CFDD9E0E8D}.Debug|Any CPU.Build.0 = Debug|Any CPU
		{3EE76062-7402-459D-9219-11CFDD9E0E8D}.Debug|x64.ActiveCfg = Debug|Any CPU
		{3EE76062-7402-459D-9219-11CFDD9E0E8D}.Debug|x64.Build.0 = Debug|Any CPU
		{3EE76062-7402-459D-9219-11CFDD9E0E8D}.Debug|x86.ActiveCfg = Debug|Any CPU
		{3EE76062-7402-459D-9219-11CFDD9E0E8D}.Debug|x86.Build.0 = Debug|Any CPU
		{3EE76062-7402-459D-9219-11CFDD9E0E8D}.Release|Any CPU.ActiveCfg = Release|Any CPU
		{3EE76062-7402-459D-9219-11CFDD9E0E8D}.Release|Any CPU.Build.0 = Release|Any CPU
		{3EE76062-7402-459D-9219-11CFDD9E0E8D}.Release|x64.ActiveCfg = Release|Any CPU
		{3EE76062-7402-459D-9219-11CFDD9E0E8D}.Release|x64.Build.0 = Release|Any CPU
		{3EE76062-7402-459D-9219-11CFDD9E0E8D}.Release|x86.ActiveCfg = Release|Any CPU
		{3EE76062-7402-459D-9219-11CFDD9E0E8D}.Release|x86.Build.0 = Release|Any CPU
		{2E56F6FE-F848-48D8-9591-6BD85D253506}.Debug|Any CPU.ActiveCfg = Debug|Any CPU
		{2E56F6FE-F848-48D8-9591-6BD85D253506}.Debug|Any CPU.Build.0 = Debug|Any CPU
		{2E56F6FE-F848-48D8-9591-6BD85D253506}.Debug|x64.ActiveCfg = Debug|Any CPU
		{2E56F6FE-F848-48D8-9591-6BD85D253506}.Debug|x64.Build.0 = Debug|Any CPU
		{2E56F6FE-F848-48D8-9591-6BD85D253506}.Debug|x86.ActiveCfg = Debug|Any CPU
		{2E56F6FE-F848-48D8-9591-6BD85D253506}.Debug|x86.Build.0 = Debug|Any CPU
		{2E56F6FE-F848-48D8-9591-6BD85D253506}.Release|Any CPU.ActiveCfg = Release|Any CPU
		{2E56F6FE-F848-48D8-9591-6BD85D253506}.Release|Any CPU.Build.0 = Release|Any CPU
		{2E56F6FE-F848-48D8-9591-6BD85D253506}.Release|x64.ActiveCfg = Release|Any CPU
		{2E56F6FE-F848-48D8-9591-6BD85D253506}.Release|x64.Build.0 = Release|Any CPU
		{2E56F6FE-F848-48D8-9591-6BD85D253506}.Release|x86.ActiveCfg = Release|Any CPU
		{2E56F6FE-F848-48D8-9591-6BD85D253506}.Release|x86.Build.0 = Release|Any CPU
		{A2C79070-3BD8-4D27-B465-0EB49C59A959}.Debug|Any CPU.ActiveCfg = Debug|Any CPU
		{A2C79070-3BD8-4D27-B465-0EB49C59A959}.Debug|Any CPU.Build.0 = Debug|Any CPU
		{A2C79070-3BD8-4D27-B465-0EB49C59A959}.Debug|x64.ActiveCfg = Debug|Any CPU
		{A2C79070-3BD8-4D27-B465-0EB49C59A959}.Debug|x64.Build.0 = Debug|Any CPU
		{A2C79070-3BD8-4D27-B465-0EB49C59A959}.Debug|x86.ActiveCfg = Debug|Any CPU
		{A2C79070-3BD8-4D27-B465-0EB49C59A959}.Debug|x86.Build.0 = Debug|Any CPU
		{A2C79070-3BD8-4D27-B465-0EB49C59A959}.Release|Any CPU.ActiveCfg = Release|Any CPU
		{A2C79070-3BD8-4D27-B465-0EB49C59A959}.Release|Any CPU.Build.0 = Release|Any CPU
		{A2C79070-3BD8-4D27-B465-0EB49C59A959}.Release|x64.ActiveCfg = Release|Any CPU
		{A2C79070-3BD8-4D27-B465-0EB49C59A959}.Release|x64.Build.0 = Release|Any CPU
		{A2C79070-3BD8-4D27-B465-0EB49C59A959}.Release|x86.ActiveCfg = Release|Any CPU
		{A2C79070-3BD8-4D27-B465-0EB49C59A959}.Release|x86.Build.0 = Release|Any CPU
		{785F6E1D-4BAC-473F-A94D-159D437D83C2}.Debug|Any CPU.ActiveCfg = Debug|Any CPU
		{785F6E1D-4BAC-473F-A94D-159D437D83C2}.Debug|Any CPU.Build.0 = Debug|Any CPU
		{785F6E1D-4BAC-473F-A94D-159D437D83C2}.Debug|x64.ActiveCfg = Debug|Any CPU
		{785F6E1D-4BAC-473F-A94D-159D437D83C2}.Debug|x64.Build.0 = Debug|Any CPU
		{785F6E1D-4BAC-473F-A94D-159D437D83C2}.Debug|x86.ActiveCfg = Debug|Any CPU
		{785F6E1D-4BAC-473F-A94D-159D437D83C2}.Debug|x86.Build.0 = Debug|Any CPU
		{785F6E1D-4BAC-473F-A94D-159D437D83C2}.Release|Any CPU.ActiveCfg = Release|Any CPU
		{785F6E1D-4BAC-473F-A94D-159D437D83C2}.Release|Any CPU.Build.0 = Release|Any CPU
		{785F6E1D-4BAC-473F-A94D-159D437D83C2}.Release|x64.ActiveCfg = Release|Any CPU
		{785F6E1D-4BAC-473F-A94D-159D437D83C2}.Release|x64.Build.0 = Release|Any CPU
		{785F6E1D-4BAC-473F-A94D-159D437D83C2}.Release|x86.ActiveCfg = Release|Any CPU
		{785F6E1D-4BAC-473F-A94D-159D437D83C2}.Release|x86.Build.0 = Release|Any CPU
	EndGlobalSection
	GlobalSection(SolutionProperties) = preSolution
		HideSolutionNode = FALSE
	EndGlobalSection
	GlobalSection(NestedProjects) = preSolution
		{98D64881-655F-4BEF-B308-BDCFBD10F0EE} = {1AE8ACA6-933B-BF2A-3671-3E2EAC007D16}
		{A1DED39B-C0BE-40A5-9CAE-D6811449ED26} = {1AE8ACA6-933B-BF2A-3671-3E2EAC007D16}
		{3EE76062-7402-459D-9219-11CFDD9E0E8D} = {1AE8ACA6-933B-BF2A-3671-3E2EAC007D16}
		{2E56F6FE-F848-48D8-9591-6BD85D253506} = {1AE8ACA6-933B-BF2A-3671-3E2EAC007D16}
		{A2C79070-3BD8-4D27-B465-0EB49C59A959} = {36695022-115B-4ABA-B650-0F2673D85EB6}
		{785F6E1D-4BAC-473F-A94D-159D437D83C2} = {07C2787E-EAC7-C090-1BA3-A61EC2A24D84}
	EndGlobalSection
EndGlobal
